
Microsoft Visual Studio Solution File, Format Version 12.00
# Visual Studio 14
VisualStudioVersion = 14.0.25123.0
MinimumVisualStudioVersion = 10.0.40219.1
Project("{FAE04EC0-301F-11D3-BF4B-00C04F79EFBC}") = "Wheatech.ServiceModel", "src\Wheatech.ServiceModel\Wheatech.ServiceModel.csproj", "{3EB8741F-D5DB-47EB-A76E-2CD1CE0B3961}"
EndProject
Project("{FAE04EC0-301F-11D3-BF4B-00C04F79EFBC}") = "Wheatech.ServiceModel.Unity", "src\Wheatech.ServiceModel.Unity\Wheatech.ServiceModel.Unity.csproj", "{C0BF61E5-73F6-40C8-97E1-F257A60CAB1A}"
EndProject
Project("{FAE04EC0-301F-11D3-BF4B-00C04F79EFBC}") = "Wheatech.ServiceModel.Autofac", "src\Wheatech.ServiceModel.Autofac\Wheatech.ServiceModel.Autofac.csproj", "{1AFD596C-6D58-4B6B-AD84-27375E41FECD}"
EndProject
Project("{FAE04EC0-301F-11D3-BF4B-00C04F79EFBC}") = "Wheatech.ServiceModel.Interception", "src\Wheatech.ServiceModel.Interception\Wheatech.ServiceModel.Interception.csproj", "{38426EC5-1A50-4DA2-B459-5389B120A569}"
EndProject
Project("{FAE04EC0-301F-11D3-BF4B-00C04F79EFBC}") = "Wheatech.ServiceModel.Unity.Interception", "src\Wheatech.ServiceModel.Unity.Interception\Wheatech.ServiceModel.Unity.Interception.csproj", "{60972548-F189-49D7-9C31-976307A3E03D}"
EndProject
Project("{2150E333-8FDC-42A3-9474-1A3956D46DE8}") = "Core", "Core", "{0E23DD74-733E-4539-AEEB-527D73F0CA28}"
EndProject
Project("{2150E333-8FDC-42A3-9474-1A3956D46DE8}") = "Autofac", "Autofac", "{CE31D387-7B66-430B-AC4B-1A3A74A451C9}"
EndProject
Project("{2150E333-8FDC-42A3-9474-1A3956D46DE8}") = "Unity", "Unity", "{C498B61F-0134-4FF9-88F7-F2B6CB123A96}"
EndProject
Project("{2150E333-8FDC-42A3-9474-1A3956D46DE8}") = "Integration", "Integration", "{FEAADEE8-46F3-4353-9F80-EE2F736D1784}"
EndProject
Project("{FAE04EC0-301F-11D3-BF4B-00C04F79EFBC}") = "Wheatech.ServiceModel.Autofac.Interception", "src\Wheatech.ServiceModel.Autofac.Interception\Wheatech.ServiceModel.Autofac.Interception.csproj", "{2984C4C5-F10E-4062-B574-9F274CF3C4DA}"
EndProject
Project("{D954291E-2A0B-460D-934E-DC6B0785DB48}") = "Wheatech.ServiceModel.DynamicProxy", "src\Wheatech.ServiceModel.DynamicProxy\Wheatech.ServiceModel.DynamicProxy.shproj", "{AC0A52E0-11FC-46C1-AE5D-83ADED57D4FE}"
EndProject
Project("{2150E333-8FDC-42A3-9474-1A3956D46DE8}") = "Windsor", "Windsor", "{F342CEBE-A653-4633-B8A0-C14064926113}"
EndProject
Project("{FAE04EC0-301F-11D3-BF4B-00C04F79EFBC}") = "Wheatech.ServiceModel.Windsor", "src\Wheatech.ServiceModel.Windsor\Wheatech.ServiceModel.Windsor.csproj", "{37E0D2F9-83EE-4C13-8C72-DA8494613552}"
EndProject
Project("{FAE04EC0-301F-11D3-BF4B-00C04F79EFBC}") = "Wheatech.ServiceModel.Windsor.Interception", "src\Wheatech.ServiceModel.Windsor.Interception\Wheatech.ServiceModel.Windsor.Interception.csproj", "{B233CD92-2D28-4304-BE77-337F508E574B}"
EndProject
Project("{2150E333-8FDC-42A3-9474-1A3956D46DE8}") = "Tests", "Tests", "{830309B2-BF70-4BC5-8CA1-5EB40F60A76B}"
EndProject
Project("{FAE04EC0-301F-11D3-BF4B-00C04F79EFBC}") = "Wheatech.ServiceModel.Wcf", "src\Wheatech.ServiceModel.Wcf\Wheatech.ServiceModel.Wcf.csproj", "{3191F441-18B9-496E-8867-DB5F34511BA5}"
EndProject
Project("{FAE04EC0-301F-11D3-BF4B-00C04F79EFBC}") = "Wheatech.ServiceModel.Ninject", "src\Wheatech.ServiceModel.Ninject\Wheatech.ServiceModel.Ninject.csproj", "{CCF5528E-E26B-408A-933F-D2E9E1927A98}"
EndProject
Project("{2150E333-8FDC-42A3-9474-1A3956D46DE8}") = "Ninject", "Ninject", "{AB1FEDB3-EB92-48F2-983E-78A34163735E}"
EndProject
Project("{FAE04EC0-301F-11D3-BF4B-00C04F79EFBC}") = "Wheatech.ServiceModel.Ninject.Interception", "src\Wheatech.ServiceModel.Ninject.Interception\Wheatech.ServiceModel.Ninject.Interception.csproj", "{B8765A35-B885-465B-9A6B-F4C2AABA6BEA}"
EndProject
Project("{2150E333-8FDC-42A3-9474-1A3956D46DE8}") = "StructureMap", "StructureMap", "{59126E2C-9CA2-450D-96D6-3FA0DAC5D0C0}"
EndProject
Project("{FAE04EC0-301F-11D3-BF4B-00C04F79EFBC}") = "Wheatech.ServiceModel.StructureMap", "src\Wheatech.ServiceModel.StructureMap\Wheatech.ServiceModel.StructureMap.csproj", "{DAA97815-4118-48F3-972F-EB339A0CB1ED}"
EndProject
Project("{FAE04EC0-301F-11D3-BF4B-00C04F79EFBC}") = "Wheatech.ServiceModel.StructureMap.Interception", "src\Wheatech.ServiceModel.StructureMap.Interception\Wheatech.ServiceModel.StructureMap.Interception.csproj", "{793AF29F-1186-45B7-92EB-8605EBCE3CFE}"
EndProject
Project("{2150E333-8FDC-42A3-9474-1A3956D46DE8}") = "nuget", "nuget", "{54F52CBD-F2B4-4AC1-BB9E-FC0893DCB12F}"
	ProjectSection(SolutionItems) = preProject
		nuget\build.cmd = nuget\build.cmd
		nuget\nuget.config = nuget\nuget.config
		nuget\Wheatech.ServiceModel.Autofac.Interception.nuspec = nuget\Wheatech.ServiceModel.Autofac.Interception.nuspec
		nuget\Wheatech.ServiceModel.Autofac.nuspec = nuget\Wheatech.ServiceModel.Autofac.nuspec
		nuget\Wheatech.ServiceModel.Interception.nuspec = nuget\Wheatech.ServiceModel.Interception.nuspec
		nuget\Wheatech.ServiceModel.Mvc.nuspec = nuget\Wheatech.ServiceModel.Mvc.nuspec
		nuget\Wheatech.ServiceModel.Ninject.Interception.nuspec = nuget\Wheatech.ServiceModel.Ninject.Interception.nuspec
		nuget\Wheatech.ServiceModel.Ninject.nuspec = nuget\Wheatech.ServiceModel.Ninject.nuspec
		nuget\Wheatech.ServiceModel.nuspec = nuget\Wheatech.ServiceModel.nuspec
		nuget\Wheatech.ServiceModel.StructureMap.Interception.nuspec = nuget\Wheatech.ServiceModel.StructureMap.Interception.nuspec
		nuget\Wheatech.ServiceModel.StructureMap.nuspec = nuget\Wheatech.ServiceModel.StructureMap.nuspec
		nuget\Wheatech.ServiceModel.Unity.Interception.nuspec = nuget\Wheatech.ServiceModel.Unity.Interception.nuspec
		nuget\Wheatech.ServiceModel.Unity.nuspec = nuget\Wheatech.ServiceModel.Unity.nuspec
		nuget\Wheatech.ServiceModel.Wcf.nuspec = nuget\Wheatech.ServiceModel.Wcf.nuspec
		nuget\Wheatech.ServiceModel.Web.nuspec = nuget\Wheatech.ServiceModel.Web.nuspec
		nuget\Wheatech.ServiceModel.WebApi.nuspec = nuget\Wheatech.ServiceModel.WebApi.nuspec
		nuget\Wheatech.ServiceModel.Windsor.Interception.nuspec = nuget\Wheatech.ServiceModel.Windsor.Interception.nuspec
		nuget\Wheatech.ServiceModel.Windsor.nuspec = nuget\Wheatech.ServiceModel.Windsor.nuspec
	EndProjectSection
EndProject
Project("{2150E333-8FDC-42A3-9474-1A3956D46DE8}") = "Solution Items", "Solution Items", "{862445B9-EAE5-49F7-A35C-8017D9710230}"
	ProjectSection(SolutionItems) = preProject
		Readme.md = Readme.md
	EndProjectSection
EndProject
Project("{FAE04EC0-301F-11D3-BF4B-00C04F79EFBC}") = "Wheatech.ServiceModel.UnitTests.WebApp", "tests\Wheatech.ServiceModel.UnitTests.WebApp\Wheatech.ServiceModel.UnitTests.WebApp.csproj", "{50ED909D-AA87-4D7A-ABC8-3941530FEF6E}"
EndProject
Project("{FAE04EC0-301F-11D3-BF4B-00C04F79EFBC}") = "Wheatech.ServiceModel.UnitTests", "tests\Wheatech.ServiceModel.UnitTests\Wheatech.ServiceModel.UnitTests.csproj", "{3536F35E-643C-40D0-9F0C-52E75E7D351B}"
EndProject
Project("{FAE04EC0-301F-11D3-BF4B-00C04F79EFBC}") = "Wheatech.ServiceModel.Mvc", "src\Wheatech.ServiceModel.Mvc\Wheatech.ServiceModel.Mvc.csproj", "{33CE1BDE-446D-4152-AB59-C40B18CD3919}"
EndProject
Project("{FAE04EC0-301F-11D3-BF4B-00C04F79EFBC}") = "Wheatech.ServiceModel.Web", "src\Wheatech.ServiceModel.Web\Wheatech.ServiceModel.Web.csproj", "{CF485131-27B9-4709-BB73-C79002B780CB}"
EndProject
Project("{FAE04EC0-301F-11D3-BF4B-00C04F79EFBC}") = "Wheatech.ServiceModel.WebApi", "src\Wheatech.ServiceModel.WebApi\Wheatech.ServiceModel.WebApi.csproj", "{58646E1C-FEFA-4960-BFC5-07023B4488E7}"
EndProject
Project("{D954291E-2A0B-460D-934E-DC6B0785DB48}") = "Wheatech.ServiceModel.DynamicInjection", "src\Wheatech.ServiceModel.DynamicInjection\Wheatech.ServiceModel.DynamicInjection.shproj", "{760E5E67-104D-4348-8ABD-EE574B26550D}"
EndProject
Global
	GlobalSection(SharedMSBuildProjectFiles) = preSolution
		src\Wheatech.ServiceModel.DynamicInjection\Wheatech.ServiceModel.DynamicInjection.projitems*{760e5e67-104d-4348-8abd-ee574b26550d}*SharedItemsImports = 13
		src\Wheatech.ServiceModel.DynamicProxy\Wheatech.ServiceModel.DynamicProxy.projitems*{b233cd92-2d28-4304-be77-337f508e574b}*SharedItemsImports = 4
		src\Wheatech.ServiceModel.DynamicProxy\Wheatech.ServiceModel.DynamicProxy.projitems*{793af29f-1186-45b7-92eb-8605ebce3cfe}*SharedItemsImports = 4
		src\Wheatech.ServiceModel.DynamicProxy\Wheatech.ServiceModel.DynamicProxy.projitems*{ac0a52e0-11fc-46c1-ae5d-83aded57d4fe}*SharedItemsImports = 13
		src\Wheatech.ServiceModel.DynamicProxy\Wheatech.ServiceModel.DynamicProxy.projitems*{2984c4c5-f10e-4062-b574-9f274cf3c4da}*SharedItemsImports = 4
		src\Wheatech.ServiceModel.DynamicInjection\Wheatech.ServiceModel.DynamicInjection.projitems*{1afd596c-6d58-4b6b-ad84-27375e41fecd}*SharedItemsImports = 4
		src\Wheatech.ServiceModel.DynamicInjection\Wheatech.ServiceModel.DynamicInjection.projitems*{37e0d2f9-83ee-4c13-8c72-da8494613552}*SharedItemsImports = 4
		src\Wheatech.ServiceModel.DynamicInjection\Wheatech.ServiceModel.DynamicInjection.projitems*{daa97815-4118-48f3-972f-eb339a0cb1ed}*SharedItemsImports = 4
	EndGlobalSection
	GlobalSection(SolutionConfigurationPlatforms) = preSolution
		Debug|Any CPU = Debug|Any CPU
		Release|Any CPU = Release|Any CPU
	EndGlobalSection
	GlobalSection(ProjectConfigurationPlatforms) = postSolution
		{3EB8741F-D5DB-47EB-A76E-2CD1CE0B3961}.Debug|Any CPU.ActiveCfg = Debug|Any CPU
		{3EB8741F-D5DB-47EB-A76E-2CD1CE0B3961}.Debug|Any CPU.Build.0 = Debug|Any CPU
		{3EB8741F-D5DB-47EB-A76E-2CD1CE0B3961}.Release|Any CPU.ActiveCfg = Release|Any CPU
		{3EB8741F-D5DB-47EB-A76E-2CD1CE0B3961}.Release|Any CPU.Build.0 = Release|Any CPU
		{C0BF61E5-73F6-40C8-97E1-F257A60CAB1A}.Debug|Any CPU.ActiveCfg = Debug|Any CPU
		{C0BF61E5-73F6-40C8-97E1-F257A60CAB1A}.Debug|Any CPU.Build.0 = Debug|Any CPU
		{C0BF61E5-73F6-40C8-97E1-F257A60CAB1A}.Release|Any CPU.ActiveCfg = Release|Any CPU
		{C0BF61E5-73F6-40C8-97E1-F257A60CAB1A}.Release|Any CPU.Build.0 = Release|Any CPU
		{1AFD596C-6D58-4B6B-AD84-27375E41FECD}.Debug|Any CPU.ActiveCfg = Debug|Any CPU
		{1AFD596C-6D58-4B6B-AD84-27375E41FECD}.Debug|Any CPU.Build.0 = Debug|Any CPU
		{1AFD596C-6D58-4B6B-AD84-27375E41FECD}.Release|Any CPU.ActiveCfg = Release|Any CPU
		{1AFD596C-6D58-4B6B-AD84-27375E41FECD}.Release|Any CPU.Build.0 = Release|Any CPU
		{38426EC5-1A50-4DA2-B459-5389B120A569}.Debug|Any CPU.ActiveCfg = Debug|Any CPU
		{38426EC5-1A50-4DA2-B459-5389B120A569}.Debug|Any CPU.Build.0 = Debug|Any CPU
		{38426EC5-1A50-4DA2-B459-5389B120A569}.Release|Any CPU.ActiveCfg = Release|Any CPU
		{38426EC5-1A50-4DA2-B459-5389B120A569}.Release|Any CPU.Build.0 = Release|Any CPU
		{60972548-F189-49D7-9C31-976307A3E03D}.Debug|Any CPU.ActiveCfg = Debug|Any CPU
		{60972548-F189-49D7-9C31-976307A3E03D}.Debug|Any CPU.Build.0 = Debug|Any CPU
		{60972548-F189-49D7-9C31-976307A3E03D}.Release|Any CPU.ActiveCfg = Release|Any CPU
		{60972548-F189-49D7-9C31-976307A3E03D}.Release|Any CPU.Build.0 = Release|Any CPU
		{2984C4C5-F10E-4062-B574-9F274CF3C4DA}.Debug|Any CPU.ActiveCfg = Debug|Any CPU
		{2984C4C5-F10E-4062-B574-9F274CF3C4DA}.Debug|Any CPU.Build.0 = Debug|Any CPU
		{2984C4C5-F10E-4062-B574-9F274CF3C4DA}.Release|Any CPU.ActiveCfg = Release|Any CPU
		{2984C4C5-F10E-4062-B574-9F274CF3C4DA}.Release|Any CPU.Build.0 = Release|Any CPU
		{37E0D2F9-83EE-4C13-8C72-DA8494613552}.Debug|Any CPU.ActiveCfg = Debug|Any CPU
		{37E0D2F9-83EE-4C13-8C72-DA8494613552}.Debug|Any CPU.Build.0 = Debug|Any CPU
		{37E0D2F9-83EE-4C13-8C72-DA8494613552}.Release|Any CPU.ActiveCfg = Release|Any CPU
		{37E0D2F9-83EE-4C13-8C72-DA8494613552}.Release|Any CPU.Build.0 = Release|Any CPU
		{B233CD92-2D28-4304-BE77-337F508E574B}.Debug|Any CPU.ActiveCfg = Debug|Any CPU
		{B233CD92-2D28-4304-BE77-337F508E574B}.Debug|Any CPU.Build.0 = Debug|Any CPU
		{B233CD92-2D28-4304-BE77-337F508E574B}.Release|Any CPU.ActiveCfg = Release|Any CPU
		{B233CD92-2D28-4304-BE77-337F508E574B}.Release|Any CPU.Build.0 = Release|Any CPU
		{3191F441-18B9-496E-8867-DB5F34511BA5}.Debug|Any CPU.ActiveCfg = Debug|Any CPU
		{3191F441-18B9-496E-8867-DB5F34511BA5}.Debug|Any CPU.Build.0 = Debug|Any CPU
		{3191F441-18B9-496E-8867-DB5F34511BA5}.Release|Any CPU.ActiveCfg = Release|Any CPU
		{3191F441-18B9-496E-8867-DB5F34511BA5}.Release|Any CPU.Build.0 = Release|Any CPU
		{CCF5528E-E26B-408A-933F-D2E9E1927A98}.Debug|Any CPU.ActiveCfg = Debug|Any CPU
		{CCF5528E-E26B-408A-933F-D2E9E1927A98}.Debug|Any CPU.Build.0 = Debug|Any CPU
		{CCF5528E-E26B-408A-933F-D2E9E1927A98}.Release|Any CPU.ActiveCfg = Release|Any CPU
		{CCF5528E-E26B-408A-933F-D2E9E1927A98}.Release|Any CPU.Build.0 = Release|Any CPU
		{B8765A35-B885-465B-9A6B-F4C2AABA6BEA}.Debug|Any CPU.ActiveCfg = Debug|Any CPU
		{B8765A35-B885-465B-9A6B-F4C2AABA6BEA}.Debug|Any CPU.Build.0 = Debug|Any CPU
		{B8765A35-B885-465B-9A6B-F4C2AABA6BEA}.Release|Any CPU.ActiveCfg = Release|Any CPU
		{B8765A35-B885-465B-9A6B-F4C2AABA6BEA}.Release|Any CPU.Build.0 = Release|Any CPU
		{DAA97815-4118-48F3-972F-EB339A0CB1ED}.Debug|Any CPU.ActiveCfg = Debug|Any CPU
		{DAA97815-4118-48F3-972F-EB339A0CB1ED}.Debug|Any CPU.Build.0 = Debug|Any CPU
		{DAA97815-4118-48F3-972F-EB339A0CB1ED}.Release|Any CPU.ActiveCfg = Release|Any CPU
		{DAA97815-4118-48F3-972F-EB339A0CB1ED}.Release|Any CPU.Build.0 = Release|Any CPU
		{793AF29F-1186-45B7-92EB-8605EBCE3CFE}.Debug|Any CPU.ActiveCfg = Debug|Any CPU
		{793AF29F-1186-45B7-92EB-8605EBCE3CFE}.Debug|Any CPU.Build.0 = Debug|Any CPU
		{793AF29F-1186-45B7-92EB-8605EBCE3CFE}.Release|Any CPU.ActiveCfg = Release|Any CPU
		{793AF29F-1186-45B7-92EB-8605EBCE3CFE}.Release|Any CPU.Build.0 = Release|Any CPU
		{50ED909D-AA87-4D7A-ABC8-3941530FEF6E}.Debug|Any CPU.ActiveCfg = Debug|Any CPU
		{50ED909D-AA87-4D7A-ABC8-3941530FEF6E}.Debug|Any CPU.Build.0 = Debug|Any CPU
		{50ED909D-AA87-4D7A-ABC8-3941530FEF6E}.Release|Any CPU.ActiveCfg = Release|Any CPU
		{50ED909D-AA87-4D7A-ABC8-3941530FEF6E}.Release|Any CPU.Build.0 = Release|Any CPU
		{3536F35E-643C-40D0-9F0C-52E75E7D351B}.Debug|Any CPU.ActiveCfg = Debug|Any CPU
		{3536F35E-643C-40D0-9F0C-52E75E7D351B}.Debug|Any CPU.Build.0 = Debug|Any CPU
		{3536F35E-643C-40D0-9F0C-52E75E7D351B}.Release|Any CPU.ActiveCfg = Release|Any CPU
		{3536F35E-643C-40D0-9F0C-52E75E7D351B}.Release|Any CPU.Build.0 = Release|Any CPU
		{33CE1BDE-446D-4152-AB59-C40B18CD3919}.Debug|Any CPU.ActiveCfg = Debug|Any CPU
		{33CE1BDE-446D-4152-AB59-C40B18CD3919}.Debug|Any CPU.Build.0 = Debug|Any CPU
		{33CE1BDE-446D-4152-AB59-C40B18CD3919}.Release|Any CPU.ActiveCfg = Release|Any CPU
		{33CE1BDE-446D-4152-AB59-C40B18CD3919}.Release|Any CPU.Build.0 = Release|Any CPU
		{CF485131-27B9-4709-BB73-C79002B780CB}.Debug|Any CPU.ActiveCfg = Debug|Any CPU
		{CF485131-27B9-4709-BB73-C79002B780CB}.Debug|Any CPU.Build.0 = Debug|Any CPU
		{CF485131-27B9-4709-BB73-C79002B780CB}.Release|Any CPU.ActiveCfg = Release|Any CPU
		{CF485131-27B9-4709-BB73-C79002B780CB}.Release|Any CPU.Build.0 = Release|Any CPU
		{58646E1C-FEFA-4960-BFC5-07023B4488E7}.Debug|Any CPU.ActiveCfg = Debug|Any CPU
		{58646E1C-FEFA-4960-BFC5-07023B4488E7}.Debug|Any CPU.Build.0 = Debug|Any CPU
		{58646E1C-FEFA-4960-BFC5-07023B4488E7}.Release|Any CPU.ActiveCfg = Release|Any CPU
		{58646E1C-FEFA-4960-BFC5-07023B4488E7}.Release|Any CPU.Build.0 = Release|Any CPU
	EndGlobalSection
	GlobalSection(SolutionProperties) = preSolution
		HideSolutionNode = FALSE
	EndGlobalSection
	GlobalSection(NestedProjects) = preSolution
		{3EB8741F-D5DB-47EB-A76E-2CD1CE0B3961} = {0E23DD74-733E-4539-AEEB-527D73F0CA28}
		{C0BF61E5-73F6-40C8-97E1-F257A60CAB1A} = {C498B61F-0134-4FF9-88F7-F2B6CB123A96}
		{1AFD596C-6D58-4B6B-AD84-27375E41FECD} = {CE31D387-7B66-430B-AC4B-1A3A74A451C9}
		{38426EC5-1A50-4DA2-B459-5389B120A569} = {0E23DD74-733E-4539-AEEB-527D73F0CA28}
		{60972548-F189-49D7-9C31-976307A3E03D} = {C498B61F-0134-4FF9-88F7-F2B6CB123A96}
		{CE31D387-7B66-430B-AC4B-1A3A74A451C9} = {FEAADEE8-46F3-4353-9F80-EE2F736D1784}
		{C498B61F-0134-4FF9-88F7-F2B6CB123A96} = {FEAADEE8-46F3-4353-9F80-EE2F736D1784}
		{2984C4C5-F10E-4062-B574-9F274CF3C4DA} = {CE31D387-7B66-430B-AC4B-1A3A74A451C9}
		{AC0A52E0-11FC-46C1-AE5D-83ADED57D4FE} = {FEAADEE8-46F3-4353-9F80-EE2F736D1784}
		{F342CEBE-A653-4633-B8A0-C14064926113} = {FEAADEE8-46F3-4353-9F80-EE2F736D1784}
		{37E0D2F9-83EE-4C13-8C72-DA8494613552} = {F342CEBE-A653-4633-B8A0-C14064926113}
		{B233CD92-2D28-4304-BE77-337F508E574B} = {F342CEBE-A653-4633-B8A0-C14064926113}
		{3191F441-18B9-496E-8867-DB5F34511BA5} = {0E23DD74-733E-4539-AEEB-527D73F0CA28}
		{CCF5528E-E26B-408A-933F-D2E9E1927A98} = {AB1FEDB3-EB92-48F2-983E-78A34163735E}
		{AB1FEDB3-EB92-48F2-983E-78A34163735E} = {FEAADEE8-46F3-4353-9F80-EE2F736D1784}
		{B8765A35-B885-465B-9A6B-F4C2AABA6BEA} = {AB1FEDB3-EB92-48F2-983E-78A34163735E}
		{59126E2C-9CA2-450D-96D6-3FA0DAC5D0C0} = {FEAADEE8-46F3-4353-9F80-EE2F736D1784}
		{DAA97815-4118-48F3-972F-EB339A0CB1ED} = {59126E2C-9CA2-450D-96D6-3FA0DAC5D0C0}
		{793AF29F-1186-45B7-92EB-8605EBCE3CFE} = {59126E2C-9CA2-450D-96D6-3FA0DAC5D0C0}
		{50ED909D-AA87-4D7A-ABC8-3941530FEF6E} = {830309B2-BF70-4BC5-8CA1-5EB40F60A76B}
		{3536F35E-643C-40D0-9F0C-52E75E7D351B} = {830309B2-BF70-4BC5-8CA1-5EB40F60A76B}
		{33CE1BDE-446D-4152-AB59-C40B18CD3919} = {0E23DD74-733E-4539-AEEB-527D73F0CA28}
		{CF485131-27B9-4709-BB73-C79002B780CB} = {0E23DD74-733E-4539-AEEB-527D73F0CA28}
		{58646E1C-FEFA-4960-BFC5-07023B4488E7} = {0E23DD74-733E-4539-AEEB-527D73F0CA28}
		{760E5E67-104D-4348-8ABD-EE574B26550D} = {FEAADEE8-46F3-4353-9F80-EE2F736D1784}
	EndGlobalSection
EndGlobal
